github.com/phlexib/goffmpeg v0.0.0-20190416115046-df9067d32fb0/go.mod h1:f87aOX9yT73xJERuB3RvU6NgE5YfKCAGpxcUMWeY/S8=
github.com/xfrr/goffmpeg v0.0.0-20190416115046-df9067d32fb0 h1:C3Nc55jf+nzIJGNxNK2ZcKa1H0Smc5eMq1LBJ61n0mo=
github.com/xfrr/goffmpeg v0.0.0-20190416115046-df9067d32fb0/go.mod h1:mL+qPvJWwu9An5a66+HyEJ7X7iEUSI09zX/Xl67XRXs=
